
Microsoft Visual Studio Solution File, Format Version 12.00
# Visual Studio Version 17
VisualStudioVersion = 17.7.34221.43
MinimumVisualStudioVersion = 10.0.40219.1
Project("{FAE04EC0-301F-11D3-BF4B-00C04F79EFBC}") = "Harjoitus22", "Harjoitus22\Harjoitus22.csproj", "{1C8A29E5-2D83-4FA8-9D2E-0A1A114D191F}"
EndProject
Global
	GlobalSection(SolutionConfigurationPlatforms) = preSolution
		Debug|Any CPU = Debug|Any CPU
		Release|Any CPU = Release|Any CPU
	EndGlobalSection
	GlobalSection(ProjectConfigurationPlatforms) = postSolution
		{1C8A29E5-2D83-4FA8-9D2E-0A1A114D191F}.Debug|Any CPU.ActiveCfg = Debug|Any CPU
		{1C8A29E5-2D83-4FA8-9D2E-0A1A114D191F}.Debug|Any CPU.Build.0 = Debug|Any CPU
		{1C8A29E5-2D83-4FA8-9D2E-0A1A114D191F}.Release|Any CPU.ActiveCfg = Release|Any CPU
		{1C8A29E5-2D83-4FA8-9D2E-0A1A114D191F}.Release|Any CPU.Build.0 = Release|Any CPU
	EndGlobalSection
	GlobalSection(SolutionProperties) = preSolution
		HideSolutionNode = FALSE
	EndGlobalSection
	GlobalSection(ExtensibilityGlobals) = postSolution
		SolutionGuid = {17D09EEA-4E15-45CA-8B05-342A7CB37803}
	EndGlobalSection
EndGlobal
