
Microsoft Visual Studio Solution File, Format Version 12.00
# Visual Studio Version 17
VisualStudioVersion = 17.4.33213.308
MinimumVisualStudioVersion = 10.0.40219.1
Project("{FAE04EC0-301F-11D3-BF4B-00C04F79EFBC}") = "Harjoitus20", "Harjoitus20\Harjoitus20.csproj", "{22A78347-C361-4341-85D6-150A1C07437B}"
EndProject
Global
	GlobalSection(SolutionConfigurationPlatforms) = preSolution
		Debug|Any CPU = Debug|Any CPU
		Release|Any CPU = Release|Any CPU
	EndGlobalSection
	GlobalSection(ProjectConfigurationPlatforms) = postSolution
		{22A78347-C361-4341-85D6-150A1C07437B}.Debug|Any CPU.ActiveCfg = Debug|Any CPU
		{22A78347-C361-4341-85D6-150A1C07437B}.Debug|Any CPU.Build.0 = Debug|Any CPU
		{22A78347-C361-4341-85D6-150A1C07437B}.Release|Any CPU.ActiveCfg = Release|Any CPU
		{22A78347-C361-4341-85D6-150A1C07437B}.Release|Any CPU.Build.0 = Release|Any CPU
	EndGlobalSection
	GlobalSection(SolutionProperties) = preSolution
		HideSolutionNode = FALSE
	EndGlobalSection
	GlobalSection(ExtensibilityGlobals) = postSolution
		SolutionGuid = {A6BF7C17-C88B-43C5-AC7D-8E233074CDA5}
	EndGlobalSection
EndGlobal
