
Microsoft Visual Studio Solution File, Format Version 12.00
# Visual Studio Version 17
VisualStudioVersion = 17.7.34221.43
MinimumVisualStudioVersion = 10.0.40219.1
Project("{FAE04EC0-301F-11D3-BF4B-00C04F79EFBC}") = "Harjoitus9", "Harjoitus9\Harjoitus9.csproj", "{DA9CB349-8797-4D1D-BD8F-761DE146C591}"
EndProject
Global
	GlobalSection(SolutionConfigurationPlatforms) = preSolution
		Debug|Any CPU = Debug|Any CPU
		Release|Any CPU = Release|Any CPU
	EndGlobalSection
	GlobalSection(ProjectConfigurationPlatforms) = postSolution
		{DA9CB349-8797-4D1D-BD8F-761DE146C591}.Debug|Any CPU.ActiveCfg = Debug|Any CPU
		{DA9CB349-8797-4D1D-BD8F-761DE146C591}.Debug|Any CPU.Build.0 = Debug|Any CPU
		{DA9CB349-8797-4D1D-BD8F-761DE146C591}.Release|Any CPU.ActiveCfg = Release|Any CPU
		{DA9CB349-8797-4D1D-BD8F-761DE146C591}.Release|Any CPU.Build.0 = Release|Any CPU
	EndGlobalSection
	GlobalSection(SolutionProperties) = preSolution
		HideSolutionNode = FALSE
	EndGlobalSection
	GlobalSection(ExtensibilityGlobals) = postSolution
		SolutionGuid = {DBC95D9C-21C0-408F-87A7-2526D884610E}
	EndGlobalSection
EndGlobal
