
Microsoft Visual Studio Solution File, Format Version 12.00
# Visual Studio Version 17
VisualStudioVersion = 17.7.34221.43
MinimumVisualStudioVersion = 10.0.40219.1
Project("{FAE04EC0-301F-11D3-BF4B-00C04F79EFBC}") = "Harjoitus2", "Harjoitus2\Harjoitus2.csproj", "{2F9AAEFA-5619-4A91-89DF-67C38329A4DF}"
EndProject
Global
	GlobalSection(SolutionConfigurationPlatforms) = preSolution
		Debug|Any CPU = Debug|Any CPU
		Release|Any CPU = Release|Any CPU
	EndGlobalSection
	GlobalSection(ProjectConfigurationPlatforms) = postSolution
		{2F9AAEFA-5619-4A91-89DF-67C38329A4DF}.Debug|Any CPU.ActiveCfg = Debug|Any CPU
		{2F9AAEFA-5619-4A91-89DF-67C38329A4DF}.Debug|Any CPU.Build.0 = Debug|Any CPU
		{2F9AAEFA-5619-4A91-89DF-67C38329A4DF}.Release|Any CPU.ActiveCfg = Release|Any CPU
		{2F9AAEFA-5619-4A91-89DF-67C38329A4DF}.Release|Any CPU.Build.0 = Release|Any CPU
	EndGlobalSection
	GlobalSection(SolutionProperties) = preSolution
		HideSolutionNode = FALSE
	EndGlobalSection
	GlobalSection(ExtensibilityGlobals) = postSolution
		SolutionGuid = {FCACA5A2-8681-446E-ACC5-4209B9A78EB4}
	EndGlobalSection
EndGlobal
