
Microsoft Visual Studio Solution File, Format Version 12.00
# Visual Studio Version 17
VisualStudioVersion = 17.4.33213.308
MinimumVisualStudioVersion = 10.0.40219.1
Project("{FAE04EC0-301F-11D3-BF4B-00C04F79EFBC}") = "Harjoitus14", "Harjoitus14\Harjoitus14.csproj", "{13A54040-D685-46FA-9C20-3276A72AB509}"
EndProject
Global
	GlobalSection(SolutionConfigurationPlatforms) = preSolution
		Debug|Any CPU = Debug|Any CPU
		Release|Any CPU = Release|Any CPU
	EndGlobalSection
	GlobalSection(ProjectConfigurationPlatforms) = postSolution
		{13A54040-D685-46FA-9C20-3276A72AB509}.Debug|Any CPU.ActiveCfg = Debug|Any CPU
		{13A54040-D685-46FA-9C20-3276A72AB509}.Debug|Any CPU.Build.0 = Debug|Any CPU
		{13A54040-D685-46FA-9C20-3276A72AB509}.Release|Any CPU.ActiveCfg = Release|Any CPU
		{13A54040-D685-46FA-9C20-3276A72AB509}.Release|Any CPU.Build.0 = Release|Any CPU
	EndGlobalSection
	GlobalSection(SolutionProperties) = preSolution
		HideSolutionNode = FALSE
	EndGlobalSection
	GlobalSection(ExtensibilityGlobals) = postSolution
		SolutionGuid = {EEDD1DD1-F561-4247-90A9-6A625A665EAB}
	EndGlobalSection
EndGlobal
