
Microsoft Visual Studio Solution File, Format Version 12.00
# Visual Studio Version 17
VisualStudioVersion = 17.7.34221.43
MinimumVisualStudioVersion = 10.0.40219.1
Project("{FAE04EC0-301F-11D3-BF4B-00C04F79EFBC}") = "Harjoitus4", "Harjoitus4\Harjoitus4.csproj", "{DEFEBD76-846F-42A1-AFAA-4397323153CE}"
EndProject
Global
	GlobalSection(SolutionConfigurationPlatforms) = preSolution
		Debug|Any CPU = Debug|Any CPU
		Release|Any CPU = Release|Any CPU
	EndGlobalSection
	GlobalSection(ProjectConfigurationPlatforms) = postSolution
		{DEFEBD76-846F-42A1-AFAA-4397323153CE}.Debug|Any CPU.ActiveCfg = Debug|Any CPU
		{DEFEBD76-846F-42A1-AFAA-4397323153CE}.Debug|Any CPU.Build.0 = Debug|Any CPU
		{DEFEBD76-846F-42A1-AFAA-4397323153CE}.Release|Any CPU.ActiveCfg = Release|Any CPU
		{DEFEBD76-846F-42A1-AFAA-4397323153CE}.Release|Any CPU.Build.0 = Release|Any CPU
	EndGlobalSection
	GlobalSection(SolutionProperties) = preSolution
		HideSolutionNode = FALSE
	EndGlobalSection
	GlobalSection(ExtensibilityGlobals) = postSolution
		SolutionGuid = {2B4EB367-1545-48E6-90FA-6E57EF970F4C}
	EndGlobalSection
EndGlobal
