
Microsoft Visual Studio Solution File, Format Version 12.00
# Visual Studio Version 17
VisualStudioVersion = 17.4.33213.308
MinimumVisualStudioVersion = 10.0.40219.1
Project("{FAE04EC0-301F-11D3-BF4B-00C04F79EFBC}") = "Harjoitus20", "Harjoitus20\Harjoitus20.csproj", "{386410E9-C227-4FFC-A3A7-CC148FD4BCEF}"
EndProject
Global
	GlobalSection(SolutionConfigurationPlatforms) = preSolution
		Debug|Any CPU = Debug|Any CPU
		Release|Any CPU = Release|Any CPU
	EndGlobalSection
	GlobalSection(ProjectConfigurationPlatforms) = postSolution
		{386410E9-C227-4FFC-A3A7-CC148FD4BCEF}.Debug|Any CPU.ActiveCfg = Debug|Any CPU
		{386410E9-C227-4FFC-A3A7-CC148FD4BCEF}.Debug|Any CPU.Build.0 = Debug|Any CPU
		{386410E9-C227-4FFC-A3A7-CC148FD4BCEF}.Release|Any CPU.ActiveCfg = Release|Any CPU
		{386410E9-C227-4FFC-A3A7-CC148FD4BCEF}.Release|Any CPU.Build.0 = Release|Any CPU
	EndGlobalSection
	GlobalSection(SolutionProperties) = preSolution
		HideSolutionNode = FALSE
	EndGlobalSection
	GlobalSection(ExtensibilityGlobals) = postSolution
		SolutionGuid = {7361301E-83D0-4F64-8FD1-E271DB114AF6}
	EndGlobalSection
EndGlobal
