
Microsoft Visual Studio Solution File, Format Version 12.00
# Visual Studio Version 17
VisualStudioVersion = 17.4.33213.308
MinimumVisualStudioVersion = 10.0.40219.1
Project("{FAE04EC0-301F-11D3-BF4B-00C04F79EFBC}") = "Harjoitus18", "Harjoitus18\Harjoitus18.csproj", "{EAF24BCB-302B-4498-BF3B-0E861A2FCCBD}"
EndProject
Global
	GlobalSection(SolutionConfigurationPlatforms) = preSolution
		Debug|Any CPU = Debug|Any CPU
		Release|Any CPU = Release|Any CPU
	EndGlobalSection
	GlobalSection(ProjectConfigurationPlatforms) = postSolution
		{EAF24BCB-302B-4498-BF3B-0E861A2FCCBD}.Debug|Any CPU.ActiveCfg = Debug|Any CPU
		{EAF24BCB-302B-4498-BF3B-0E861A2FCCBD}.Debug|Any CPU.Build.0 = Debug|Any CPU
		{EAF24BCB-302B-4498-BF3B-0E861A2FCCBD}.Release|Any CPU.ActiveCfg = Release|Any CPU
		{EAF24BCB-302B-4498-BF3B-0E861A2FCCBD}.Release|Any CPU.Build.0 = Release|Any CPU
	EndGlobalSection
	GlobalSection(SolutionProperties) = preSolution
		HideSolutionNode = FALSE
	EndGlobalSection
	GlobalSection(ExtensibilityGlobals) = postSolution
		SolutionGuid = {D7DA231F-1136-41E0-A1FA-39BEBF659262}
	EndGlobalSection
EndGlobal
